
Microsoft Visual Studio Solution File, Format Version 12.00
# Visual Studio Version 17
VisualStudioVersion = 17.2.32602.215
MinimumVisualStudioVersion = 10.0.40219.1
Project("{FAE04EC0-301F-11D3-BF4B-00C04F79EFBC}") = "DemoExportExcel", "DemoExportExcel\DemoExportExcel.csproj", "{088230FF-C7F7-4528-AE96-DE52E2D6DED7}"
EndProject
Global
	GlobalSection(SolutionConfigurationPlatforms) = preSolution
		Debug|Any CPU = Debug|Any CPU
		Release|Any CPU = Release|Any CPU
	EndGlobalSection
	GlobalSection(ProjectConfigurationPlatforms) = postSolution
		{088230FF-C7F7-4528-AE96-DE52E2D6DED7}.Debug|Any CPU.ActiveCfg = Debug|Any CPU
		{088230FF-C7F7-4528-AE96-DE52E2D6DED7}.Debug|Any CPU.Build.0 = Debug|Any CPU
		{088230FF-C7F7-4528-AE96-DE52E2D6DED7}.Release|Any CPU.ActiveCfg = Release|Any CPU
		{088230FF-C7F7-4528-AE96-DE52E2D6DED7}.Release|Any CPU.Build.0 = Release|Any CPU
	EndGlobalSection
	GlobalSection(SolutionProperties) = preSolution
		HideSolutionNode = FALSE
	EndGlobalSection
	GlobalSection(ExtensibilityGlobals) = postSolution
		SolutionGuid = {709D2A98-3F4B-442D-AF14-81192684B068}
	EndGlobalSection
EndGlobal
